
Microsoft Visual Studio Solution File, Format Version 12.00
# Visual Studio Version 17
VisualStudioVersion = 17.3.32901.215
MinimumVisualStudioVersion = 10.0.40219.1
Project("{FAE04EC0-301F-11D3-BF4B-00C04F79EFBC}") = "button.ornek.27", "button.ornek.27\button.ornek.27.csproj", "{CBB89F66-E1CD-4B10-A127-B151F060C1C6}"
EndProject
Global
	GlobalSection(SolutionConfigurationPlatforms) = preSolution
		Debug|Any CPU = Debug|Any CPU
		Release|Any CPU = Release|Any CPU
	EndGlobalSection
	GlobalSection(ProjectConfigurationPlatforms) = postSolution
		{CBB89F66-E1CD-4B10-A127-B151F060C1C6}.Debug|Any CPU.ActiveCfg = Debug|Any CPU
		{CBB89F66-E1CD-4B10-A127-B151F060C1C6}.Debug|Any CPU.Build.0 = Debug|Any CPU
		{CBB89F66-E1CD-4B10-A127-B151F060C1C6}.Release|Any CPU.ActiveCfg = Release|Any CPU
		{CBB89F66-E1CD-4B10-A127-B151F060C1C6}.Release|Any CPU.Build.0 = Release|Any CPU
	EndGlobalSection
	GlobalSection(SolutionProperties) = preSolution
		HideSolutionNode = FALSE
	EndGlobalSection
	GlobalSection(ExtensibilityGlobals) = postSolution
		SolutionGuid = {414C7B76-B42B-4C7D-8525-11DB05EC3F68}
	EndGlobalSection
EndGlobal
